// !$*UTF8*$!
{
	archiveVersion = 1;
	classes = {
	};
	objectVersion = 70;
	objects = {

/* Begin PBXBuildFile section */
		02B19A59AAFE4A16B45A861F /* DownloadsView.swift in Sources */ = {isa = PBXBuildFile; fileRef = DF22BB172F16743C007C2090 /* DownloadsView.swift */; };
		08FB7793FE84155DC02AAC07 /* App.swift in Sources */ = {isa = PBXBuildFile; fileRef = 08FB7794FE84155DC02AAC07 /* App.swift */; };
		08FB7797FE84155DC02AAC07 /* MainTabView.swift in Sources */ = {isa = PBXBuildFile; fileRef = 08FB7798FE84155DC02AAC07 /* MainTabView.swift */; };
		08FB779DFE84155DC02AAC07 /* ServerConfig.swift in Sources */ = {isa = PBXBuildFile; fileRef = 08FB779EFE84155DC02AAC07 /* ServerConfig.swift */; };
		08FB77A1FE84155DC02AAC07 /* StashDBViewModel.swift in Sources */ = {isa = PBXBuildFile; fileRef = 08FB77A2FE84155DC02AAC07 /* StashDBViewModel.swift */; };
		0919B93E9C064D3AAF9A95C0 /* StudiosView.swift in Sources */ = {isa = PBXBuildFile; fileRef = DFE504612E8A8C4000323FF0 /* StudiosView.swift */; };
		0AD34A514F0B499FB1566E23 /* ScenesView.swift in Sources */ = {isa = PBXBuildFile; fileRef = DFE5045D2E8A8C2000323FF0 /* ScenesView.swift */; };
		101EE38B25B74B1BBA920AEA /* NavigationCoordinator.swift in Sources */ = {isa = PBXBuildFile; fileRef = DF22BB352F1832AD007C2090 /* NavigationCoordinator.swift */; };
		11A2D778BDD54ABE859A5F1D /* ServerSetupWizardView.swift in Sources */ = {isa = PBXBuildFile; fileRef = DF90B7632F1ACEA3003ED852 /* ServerSetupWizardView.swift */; };
		11F5E1EE280744C5928133CD /* SceneGalleriesCard.swift in Sources */ = {isa = PBXBuildFile; fileRef = DF675E732F2A6392004CA019 /* SceneGalleriesCard.swift */; };
		1998A3883F7C4601AC6BFE39 /* UniversalSearchView.swift in Sources */ = {isa = PBXBuildFile; fileRef = DF90B7652F1B72E5003ED852 /* UniversalSearchView.swift */; };
		2589B7DB551E457BA8800634 /* PerformerDetailView.swift in Sources */ = {isa = PBXBuildFile; fileRef = DFE5045D2E8A8C2000323FF2 /* PerformerDetailView.swift */; };
		2F2314B3093A480F864AFEEC /* HomeView.swift in Sources */ = {isa = PBXBuildFile; fileRef = DF22BB192F16743C007C2090 /* HomeView.swift */; };
		372E2D6A2F6339EE00603361 /* LoginAuthHelper.swift in Sources */ = {isa = PBXBuildFile; fileRef = 372E2D692F6339EE00603361 /* LoginAuthHelper.swift */; };
		372E2D6B2F633DB400603361 /* LoginAuthHelper.swift in Sources */ = {isa = PBXBuildFile; fileRef = 372E2D692F6339EE00603361 /* LoginAuthHelper.swift */; };
		372E2D992F64272300603361 /* VideoAnalysisManager.swift in Sources */ = {isa = PBXBuildFile; fileRef = 372E2D982F64272300603361 /* VideoAnalysisManager.swift */; };
		372E2D9B2F64425000603361 /* StashSyncManager.swift in Sources */ = {isa = PBXBuildFile; fileRef = 372E2D9A2F64425000603361 /* StashSyncManager.swift */; };
		37D092D62F8980B400DB7A08 /* MarkersView.swift in Sources */ = {isa = PBXBuildFile; fileRef = 37D092D52F8980B400DB7A08 /* MarkersView.swift */; };
		37D3E2E52F39384000AB8FAD /* ServerConfig.swift in Sources */ = {isa = PBXBuildFile; fileRef = 08FB779EFE84155DC02AAC07 /* ServerConfig.swift */; };
		37D3E3262F39444C00AB8FAD /* Assets.xcassets in Resources */ = {isa = PBXBuildFile; fileRef = AA0000022E8A9C0000000001 /* Assets.xcassets */; };
		37D3E4922F3A305D00AB8FAD /* SceneHeatmapCard.swift in Sources */ = {isa = PBXBuildFile; fileRef = 37D3E4912F3A305D00AB8FAD /* SceneHeatmapCard.swift */; };
		37D3E4932F3A305D00AB8FAD /* SceneHeatmapCard.swift in Sources */ = {isa = PBXBuildFile; fileRef = 37D3E4912F3A305D00AB8FAD /* SceneHeatmapCard.swift */; };
		3E39578124904717B35F0006 /* StudioRepository.swift in Sources */ = {isa = PBXBuildFile; fileRef = DF675E6A2F2A6386004CA019 /* StudioRepository.swift */; };
		3F36416D734D45FE8200AA26 /* SceneDetailView.swift in Sources */ = {isa = PBXBuildFile; fileRef = DFE5045D2E8A8C2000323FF1 /* SceneDetailView.swift */; };
		42AECC4BE2264997B0333A90 /* HomeSceneCardView.swift in Sources */ = {isa = PBXBuildFile; fileRef = DF675E5E2F2A46A1004CA019 /* HomeSceneCardView.swift */; };
		4641A386019F4F5F81B587A8 /* StashDBViewModel.swift in Sources */ = {isa = PBXBuildFile; fileRef = 08FB77A2FE84155DC02AAC07 /* StashDBViewModel.swift */; };
		51487CAA64DF4CC3B986B68C /* SceneStudioCard.swift in Sources */ = {isa = PBXBuildFile; fileRef = DF675E752F2A6392004CA019 /* SceneStudioCard.swift */; };
		9BA6D13B444E433980610D36 /* SceneGroupsCard.swift in Sources */ = {isa = PBXBuildFile; fileRef = FA617C2A62174FFFB0912B44 /* SceneGroupsCard.swift */; };
		BEBA9D663C334D69A68E2935 /* SceneGroupsCard.swift in Sources */ = {isa = PBXBuildFile; fileRef = FA617C2A62174FFFB0912B44 /* SceneGroupsCard.swift */; };
		5B0100661A854DEDA5E55778 /* CatalogsView.swift in Sources */ = {isa = PBXBuildFile; fileRef = DF22BB142F167223007C2090 /* CatalogsView.swift */; };
		5B3249B4152046408B964DDC /* StarRatingView.swift in Sources */ = {isa = PBXBuildFile; fileRef = DF90B75D2F1A5ECE003ED852 /* StarRatingView.swift */; };
		5BC6653D5C9D4675881F40BA /* GalleriesView.swift in Sources */ = {isa = PBXBuildFile; fileRef = DF22BB182F16743C007C2090 /* GalleriesView.swift */; };
		5CAFF7AF91B64F458C104E84 /* ScenePerformersCard.swift in Sources */ = {isa = PBXBuildFile; fileRef = DF675E742F2A6392004CA019 /* ScenePerformersCard.swift */; };
		5DDB6F948ED24348A4916DCF /* ImageCacheManager.swift in Sources */ = {isa = PBXBuildFile; fileRef = DF22BB262F167CDC007C2090 /* ImageCacheManager.swift */; };
		64D0D9557F7C404B8C16EF39 /* TagRepository.swift in Sources */ = {isa = PBXBuildFile; fileRef = DF675E6B2F2A6386004CA019 /* TagRepository.swift */; };
		6B7F79949CEB4E2CB62F2650 /* ReelsView.swift in Sources */ = {isa = PBXBuildFile; fileRef = DF22BB1B2F16743C007C2090 /* ReelsView.swift */; };
		6BC1E5F563B84AA4B9FA20D9 /* StudioDetailView.swift in Sources */ = {isa = PBXBuildFile; fileRef = DFE5045D2E8A8C2000323FF4 /* StudioDetailView.swift */; };
		757D103CB6294F49B8301A7B /* FilterRepository.swift in Sources */ = {isa = PBXBuildFile; fileRef = DF675E662F2A6386004CA019 /* FilterRepository.swift */; };
		790261AAF80B42C485B72074 /* TabManager.swift in Sources */ = {isa = PBXBuildFile; fileRef = DFF7EE402F0D3D2800344A8B /* TabManager.swift */; };
		7B48CDF007B7469B93ACF595 /* AppearanceSettingsView.swift in Sources */ = {isa = PBXBuildFile; fileRef = DF22BB332F1831C7007C2090 /* AppearanceSettingsView.swift */; };
		A1ED4C0012345678901234AB /* EditModeSettingsView.swift in Sources */ = {isa = PBXBuildFile; fileRef = A1ED4C0112345678901234AB /* EditModeSettingsView.swift */; };
		A1ED4C0212345678901234AB /* EditModeSettingsView.swift in Sources */ = {isa = PBXBuildFile; fileRef = A1ED4C0112345678901234AB /* EditModeSettingsView.swift */; };
		7BB701173C934CC5AD19DC74 /* SceneDelegate.swift in Sources */ = {isa = PBXBuildFile; fileRef = DFE504632E8A8C5000323FF0 /* SceneDelegate.swift */; };
		85D2DEBA701341D2A43E2EAA /* SceneRepository.swift in Sources */ = {isa = PBXBuildFile; fileRef = DF675E692F2A6386004CA019 /* SceneRepository.swift */; };
		8D7ECC24161D4D9EBF4C3A57 /* TagsView.swift in Sources */ = {isa = PBXBuildFile; fileRef = DF22BB1D2F16743C007C2090 /* TagsView.swift */; };
		91CF530080674BF98FF154C4 /* SceneCardView.swift in Sources */ = {isa = PBXBuildFile; fileRef = DF06EF252F18EC1100299105 /* SceneCardView.swift */; };
		9AA0A05BF61443C2B087A163 /* SharedUtilities.swift in Sources */ = {isa = PBXBuildFile; fileRef = DF22BB1C2F16743C007C2090 /* SharedUtilities.swift */; };
		A448F31312224C5CA0763758 /* SceneTagsCard.swift in Sources */ = {isa = PBXBuildFile; fileRef = DF675E762F2A6392004CA019 /* SceneTagsCard.swift */; };
		A519E23C8BE040F79C6EFE18 /* ImagesView.swift in Sources */ = {isa = PBXBuildFile; fileRef = DF4A022B2F1E8B6800E5EAFB /* ImagesView.swift */; };
		A1SP1C0012345678901234AB /* StashyPicView.swift in Sources */ = {isa = PBXBuildFile; fileRef = A1SP1C0112345678901234AB /* StashyPicView.swift */; };
		A1SP1C0212345678901234AB /* StashyPicView.swift in Sources */ = {isa = PBXBuildFile; fileRef = A1SP1C0112345678901234AB /* StashyPicView.swift */; };
		A8FA63740E8A43609EDB1AAD /* AppearanceManager.swift in Sources */ = {isa = PBXBuildFile; fileRef = DF22BB312F1831C7007C2090 /* AppearanceManager.swift */; };
		AA0000012E8A9C0000000001 /* Assets.xcassets in Resources */ = {isa = PBXBuildFile; fileRef = AA0000022E8A9C0000000001 /* Assets.xcassets */; };
		AAB8EA012D744BBCB254F7D6 /* MainTabView.swift in Sources */ = {isa = PBXBuildFile; fileRef = 08FB7798FE84155DC02AAC07 /* MainTabView.swift */; };
		BB58741767674753BACDD0BA /* HomeRowView.swift in Sources */ = {isa = PBXBuildFile; fileRef = DF675E5D2F2A46A1004CA019 /* HomeRowView.swift */; };
		BFFDBA13C2414AB6B3120A34 /* HomeStatisticsRowView.swift in Sources */ = {isa = PBXBuildFile; fileRef = DF675E5F2F2A46A1004CA019 /* HomeStatisticsRowView.swift */; };
		C047CE6380F048858A91E6C9 /* GraphQLClient.swift in Sources */ = {isa = PBXBuildFile; fileRef = DFGQ000022F28A0000000002 /* GraphQLClient.swift */; };
		CD4CA6C2CB694838903FF516 /* graphql in Resources */ = {isa = PBXBuildFile; fileRef = DFGQGRAPHQLREF001 /* graphql */; };
		DED26B5AB7A04A979AF74BAE /* SceneVideoPlayerCard.swift in Sources */ = {isa = PBXBuildFile; fileRef = DF675E772F2A6392004CA019 /* SceneVideoPlayerCard.swift */; };
		DF06EF262F18EC1300299105 /* SceneCardView.swift in Sources */ = {isa = PBXBuildFile; fileRef = DF06EF252F18EC1100299105 /* SceneCardView.swift */; };
		DF22BB152F167223007C2090 /* CatalogsView.swift in Sources */ = {isa = PBXBuildFile; fileRef = DF22BB142F167223007C2090 /* CatalogsView.swift */; };
		DF22BB1E2F16743C007C2090 /* TagsView.swift in Sources */ = {isa = PBXBuildFile; fileRef = DF22BB1D2F16743C007C2090 /* TagsView.swift */; };
		DF22BB1F2F16743C007C2090 /* DownloadsView.swift in Sources */ = {isa = PBXBuildFile; fileRef = DF22BB172F16743C007C2090 /* DownloadsView.swift */; };
		DF22BB202F16743C007C2090 /* GalleriesView.swift in Sources */ = {isa = PBXBuildFile; fileRef = DF22BB182F16743C007C2090 /* GalleriesView.swift */; };
		DF22BB222F16743C007C2090 /* ReelsView.swift in Sources */ = {isa = PBXBuildFile; fileRef = DF22BB1B2F16743C007C2090 /* ReelsView.swift */; };
		DF22BB232F16743C007C2090 /* SharedUtilities.swift in Sources */ = {isa = PBXBuildFile; fileRef = DF22BB1C2F16743C007C2090 /* SharedUtilities.swift */; };
		DF22BB242F16743C007C2090 /* HomeView.swift in Sources */ = {isa = PBXBuildFile; fileRef = DF22BB192F16743C007C2090 /* HomeView.swift */; };
		DF22BB272F167CDC007C2090 /* ImageCacheManager.swift in Sources */ = {isa = PBXBuildFile; fileRef = DF22BB262F167CDC007C2090 /* ImageCacheManager.swift */; };
		DF22BB322F1831C7007C2090 /* AppearanceManager.swift in Sources */ = {isa = PBXBuildFile; fileRef = DF22BB312F1831C7007C2090 /* AppearanceManager.swift */; };
		DF22BB342F1831C7007C2090 /* AppearanceSettingsView.swift in Sources */ = {isa = PBXBuildFile; fileRef = DF22BB332F1831C7007C2090 /* AppearanceSettingsView.swift */; };
		DF22BB362F1832AD007C2090 /* NavigationCoordinator.swift in Sources */ = {isa = PBXBuildFile; fileRef = DF22BB352F1832AD007C2090 /* NavigationCoordinator.swift */; };
		DF22BB3A2F1832E8007C2090 /* PerformersView.swift in Sources */ = {isa = PBXBuildFile; fileRef = DF22BB392F1832E8007C2090 /* PerformersView.swift */; };
		DF4A022C2F1E8B6900E5EAFB /* ImagesView.swift in Sources */ = {isa = PBXBuildFile; fileRef = DF4A022B2F1E8B6800E5EAFB /* ImagesView.swift */; };
		DF675E622F2A46A2004CA019 /* HomeRowView.swift in Sources */ = {isa = PBXBuildFile; fileRef = DF675E5D2F2A46A1004CA019 /* HomeRowView.swift */; };
		DF675E632F2A46A2004CA019 /* HomeStatisticsRowView.swift in Sources */ = {isa = PBXBuildFile; fileRef = DF675E5F2F2A46A1004CA019 /* HomeStatisticsRowView.swift */; };
		DF675E652F2A46A2004CA019 /* HomeSceneCardView.swift in Sources */ = {isa = PBXBuildFile; fileRef = DF675E5E2F2A46A1004CA019 /* HomeSceneCardView.swift */; };
		DF675E6D2F2A6386004CA019 /* GalleryRepository.swift in Sources */ = {isa = PBXBuildFile; fileRef = DF675E672F2A6386004CA019 /* GalleryRepository.swift */; };
		DF675E6E2F2A6386004CA019 /* StudioRepository.swift in Sources */ = {isa = PBXBuildFile; fileRef = DF675E6A2F2A6386004CA019 /* StudioRepository.swift */; };
		DF675E6F2F2A6386004CA019 /* FilterRepository.swift in Sources */ = {isa = PBXBuildFile; fileRef = DF675E662F2A6386004CA019 /* FilterRepository.swift */; };
		DF675E702F2A6386004CA019 /* TagRepository.swift in Sources */ = {isa = PBXBuildFile; fileRef = DF675E6B2F2A6386004CA019 /* TagRepository.swift */; };
		DF675E712F2A6386004CA019 /* SceneRepository.swift in Sources */ = {isa = PBXBuildFile; fileRef = DF675E692F2A6386004CA019 /* SceneRepository.swift */; };
		DF675E722F2A6386004CA019 /* PerformerRepository.swift in Sources */ = {isa = PBXBuildFile; fileRef = DF675E682F2A6386004CA019 /* PerformerRepository.swift */; };
		DF675E7A2F2A6392004CA019 /* SceneGalleriesCard.swift in Sources */ = {isa = PBXBuildFile; fileRef = DF675E732F2A6392004CA019 /* SceneGalleriesCard.swift */; };
		DF675E7B2F2A6392004CA019 /* SceneVideoPlayerCard.swift in Sources */ = {isa = PBXBuildFile; fileRef = DF675E772F2A6392004CA019 /* SceneVideoPlayerCard.swift */; };
		DF675E7C2F2A6392004CA019 /* SceneStudioCard.swift in Sources */ = {isa = PBXBuildFile; fileRef = DF675E752F2A6392004CA019 /* SceneStudioCard.swift */; };
		DF675E7D2F2A6392004CA019 /* ScenePerformersCard.swift in Sources */ = {isa = PBXBuildFile; fileRef = DF675E742F2A6392004CA019 /* ScenePerformersCard.swift */; };
		DF675E7E2F2A6392004CA019 /* SceneTagsCard.swift in Sources */ = {isa = PBXBuildFile; fileRef = DF675E762F2A6392004CA019 /* SceneTagsCard.swift */; };
		DF90B75E2F1A5ECF003ED852 /* StarRatingView.swift in Sources */ = {isa = PBXBuildFile; fileRef = DF90B75D2F1A5ECE003ED852 /* StarRatingView.swift */; };
		DF90B7642F1ACEA3003ED852 /* ServerSetupWizardView.swift in Sources */ = {isa = PBXBuildFile; fileRef = DF90B7632F1ACEA3003ED852 /* ServerSetupWizardView.swift */; };
		DF90B7662F1B72E5003ED852 /* UniversalSearchView.swift in Sources */ = {isa = PBXBuildFile; fileRef = DF90B7652F1B72E5003ED852 /* UniversalSearchView.swift */; };
		DFE5045E2E8A8C2000323FF0 /* ScenesView.swift in Sources */ = {isa = PBXBuildFile; fileRef = DFE5045D2E8A8C2000323FF0 /* ScenesView.swift */; };
		DFE5045F2E8A8C2000323FF0 /* SceneDetailView.swift in Sources */ = {isa = PBXBuildFile; fileRef = DFE5045D2E8A8C2000323FF1 /* SceneDetailView.swift */; };
		DFE504602E8A8C2000323FF0 /* PerformerDetailView.swift in Sources */ = {isa = PBXBuildFile; fileRef = DFE5045D2E8A8C2000323FF2 /* PerformerDetailView.swift */; };
		DFE504602E8A8C2000323FF3 /* StudioDetailView.swift in Sources */ = {isa = PBXBuildFile; fileRef = DFE5045D2E8A8C2000323FF4 /* StudioDetailView.swift */; };
		DFE504622E8A8C4000323FF0 /* StudiosView.swift in Sources */ = {isa = PBXBuildFile; fileRef = DFE504612E8A8C4000323FF0 /* StudiosView.swift */; };
		DFE504642E8A8C5000323FF0 /* SceneDelegate.swift in Sources */ = {isa = PBXBuildFile; fileRef = DFE504632E8A8C5000323FF0 /* SceneDelegate.swift */; };
		DFF7EE412F0D3D2800344A8B /* TabManager.swift in Sources */ = {isa = PBXBuildFile; fileRef = DFF7EE402F0D3D2800344A8B /* TabManager.swift */; };
		DFGQ000012F28A0000000001 /* GraphQLClient.swift in Sources */ = {isa = PBXBuildFile; fileRef = DFGQ000022F28A0000000002 /* GraphQLClient.swift */; };
		DFGQ000032F28A0000000003 /* GraphQLQueries.swift in Sources */ = {isa = PBXBuildFile; fileRef = DFGQ000042F28A0000000004 /* GraphQLQueries.swift */; };
		DFGQGRAPHQLBUILD001 /* graphql in Resources */ = {isa = PBXBuildFile; fileRef = DFGQGRAPHQLREF001 /* graphql */; };
		DFSEC0012F2A000100000001 /* SecurityManager.swift in Sources */ = {isa = PBXBuildFile; fileRef = DFSEC0022F2A000100000002 /* SecurityManager.swift */; };
		DFSEC0032F2A000100000003 /* PasscodeEntryView.swift in Sources */ = {isa = PBXBuildFile; fileRef = DFSEC0042F2A000100000004 /* PasscodeEntryView.swift */; };
		DFSEC0052F2A000100000005 /* SecuritySettingsView.swift in Sources */ = {isa = PBXBuildFile; fileRef = DFSEC0062F2A000100000006 /* SecuritySettingsView.swift */; };
		DFSM000012F2NEWFILE001 /* KeychainManager.swift in Sources */ = {isa = PBXBuildFile; fileRef = DFSM000022F2NEWFILE002 /* KeychainManager.swift */; };
		DFSM000052F2NEWFILE005 /* ServerFormViewNew.swift in Sources */ = {isa = PBXBuildFile; fileRef = DFSM000062F2NEWFILE006 /* ServerFormViewNew.swift */; };
		DFST000032F30A0000000003 /* SettingsView.swift in Sources */ = {isa = PBXBuildFile; fileRef = DFST000022F30A0000000002 /* SettingsView.swift */; };
		DFST000052F30A0000000005 /* ServerListSection.swift in Sources */ = {isa = PBXBuildFile; fileRef = DFST000042F30A0000000004 /* ServerListSection.swift */; };
		DFST000072F30A0000000007 /* ServerDetailView.swift in Sources */ = {isa = PBXBuildFile; fileRef = DFST000062F30A0000000006 /* ServerDetailView.swift */; };
		DFST000092F30A0000000009 /* PlaybackSettingsSection.swift in Sources */ = {isa = PBXBuildFile; fileRef = DFST000082F30A0000000008 /* PlaybackSettingsSection.swift */; };
		DFST0000B2F30A000000000B /* ContentSettingsSection.swift in Sources */ = {isa = PBXBuildFile; fileRef = DFST0000A2F30A000000000A /* ContentSettingsSection.swift */; };
		DFST0000D2F30A000000000D /* DashboardSettingsView.swift in Sources */ = {isa = PBXBuildFile; fileRef = DFST0000C2F30A000000000C /* DashboardSettingsView.swift */; };
		DFST0000F2F30A000000000F /* ReelsModeSettingsView.swift in Sources */ = {isa = PBXBuildFile; fileRef = DFST0000E2F30A000000000E /* ReelsModeSettingsView.swift */; };
		DFSL1NST2F30A0000000SETB /* StashLineSettingsView.swift in Sources */ = {isa = PBXBuildFile; fileRef = DFSL1NST2F30A0000000SETF /* StashLineSettingsView.swift */; };
		DFST000112F30A0000000011 /* DefaultSortView.swift in Sources */ = {isa = PBXBuildFile; fileRef = DFST000102F30A0000000010 /* DefaultSortView.swift */; };
		DFST000132F30A0000000013 /* DefaultFilterView.swift in Sources */ = {isa = PBXBuildFile; fileRef = DFST000122F30A0000000012 /* DefaultFilterView.swift */; };
		DFST000152F30A0000000015 /* ServerStatisticsView.swift in Sources */ = {isa = PBXBuildFile; fileRef = DFST000142F30A0000000014 /* ServerStatisticsView.swift */; };
		DFUI000012F3AUDIT001 /* DesignTokens.swift in Sources */ = {isa = PBXBuildFile; fileRef = DFUI000022F3AUDIT002 /* DesignTokens.swift */; };
		DFUI000032F3AUDIT003 /* HapticManager.swift in Sources */ = {isa = PBXBuildFile; fileRef = DFUI000042F3AUDIT004 /* HapticManager.swift */; };
		DFUI000052F3AUDIT005 /* ToastManager.swift in Sources */ = {isa = PBXBuildFile; fileRef = DFUI000062F3AUDIT006 /* ToastManager.swift */; };
		E909C6E8F4744C4D939F78BD /* GraphQLQueries.swift in Sources */ = {isa = PBXBuildFile; fileRef = DFGQ000042F28A0000000004 /* GraphQLQueries.swift */; };
		F21C93AC1160498EB0A17AF4 /* GalleryRepository.swift in Sources */ = {isa = PBXBuildFile; fileRef = DF675E672F2A6386004CA019 /* GalleryRepository.swift */; };
		F4BF2858338E42E6AA292FCC /* PerformersView.swift in Sources */ = {isa = PBXBuildFile; fileRef = DF22BB392F1832E8007C2090 /* PerformersView.swift */; };
		F6BC02EF04794FCAA2460E89 /* PerformerRepository.swift in Sources */ = {isa = PBXBuildFile; fileRef = DF675E682F2A6386004CA019 /* PerformerRepository.swift */; };
		FDFEA639517B4DF2B8490448 /* App.swift in Sources */ = {isa = PBXBuildFile; fileRef = 08FB7794FE84155DC02AAC07 /* App.swift */; };
/* End PBXBuildFile section */

/* Begin PBXFileReference section */
		08FB7794FE84155DC02AAC07 /* App.swift */ = {isa = PBXFileReference; fileEncoding = 4; lastKnownFileType = sourcecode.swift; path = App.swift; sourceTree = "<group>"; };
		08FB7798FE84155DC02AAC07 /* MainTabView.swift */ = {isa = PBXFileReference; fileEncoding = 4; lastKnownFileType = sourcecode.swift; path = MainTabView.swift; sourceTree = "<group>"; };
		08FB779EFE84155DC02AAC07 /* ServerConfig.swift */ = {isa = PBXFileReference; fileEncoding = 4; lastKnownFileType = sourcecode.swift; path = ServerConfig.swift; sourceTree = "<group>"; };
		08FB77A0FE84155DC02AAC07 /* stashy/Info.plist */ = {isa = PBXFileReference; fileEncoding = 4; lastKnownFileType = text.plist.xml; path = stashy/Info.plist; sourceTree = "<group>"; };
		08FB77A2FE84155DC02AAC07 /* StashDBViewModel.swift */ = {isa = PBXFileReference; fileEncoding = 4; lastKnownFileType = sourcecode.swift; path = StashDBViewModel.swift; sourceTree = "<group>"; };
		372E2D692F6339EE00603361 /* LoginAuthHelper.swift */ = {isa = PBXFileReference; lastKnownFileType = sourcecode.swift; path = LoginAuthHelper.swift; sourceTree = "<group>"; };
		372E2D982F64272300603361 /* VideoAnalysisManager.swift */ = {isa = PBXFileReference; lastKnownFileType = sourcecode.swift; path = VideoAnalysisManager.swift; sourceTree = "<group>"; };
		372E2D9A2F64425000603361 /* StashSyncManager.swift */ = {isa = PBXFileReference; lastKnownFileType = sourcecode.swift; path = StashSyncManager.swift; sourceTree = "<group>"; };
		37D092D52F8980B400DB7A08 /* MarkersView.swift */ = {isa = PBXFileReference; lastKnownFileType = sourcecode.swift; path = MarkersView.swift; sourceTree = "<group>"; };
		37D3E24E2F3932C400AB8FAD /* stashyTV.app */ = {isa = PBXFileReference; explicitFileType = wrapper.application; includeInIndex = 0; path = stashyTV.app; sourceTree = BUILT_PRODUCTS_DIR; };
		37D3E4912F3A305D00AB8FAD /* SceneHeatmapCard.swift */ = {isa = PBXFileReference; lastKnownFileType = sourcecode.swift; path = SceneHeatmapCard.swift; sourceTree = "<group>"; };
		AA0000022E8A9C0000000001 /* Assets.xcassets */ = {isa = PBXFileReference; lastKnownFileType = folder.assetcatalog; path = Assets.xcassets; sourceTree = "<group>"; };
		DF06EF252F18EC1100299105 /* SceneCardView.swift */ = {isa = PBXFileReference; lastKnownFileType = sourcecode.swift; path = SceneCardView.swift; sourceTree = "<group>"; };
		DF22BB142F167223007C2090 /* CatalogsView.swift */ = {isa = PBXFileReference; lastKnownFileType = sourcecode.swift; path = CatalogsView.swift; sourceTree = "<group>"; };
		DF22BB172F16743C007C2090 /* DownloadsView.swift */ = {isa = PBXFileReference; lastKnownFileType = sourcecode.swift; path = DownloadsView.swift; sourceTree = "<group>"; };
		DF22BB182F16743C007C2090 /* GalleriesView.swift */ = {isa = PBXFileReference; lastKnownFileType = sourcecode.swift; path = GalleriesView.swift; sourceTree = "<group>"; };
		DF22BB192F16743C007C2090 /* HomeView.swift */ = {isa = PBXFileReference; lastKnownFileType = sourcecode.swift; path = HomeView.swift; sourceTree = "<group>"; };
		DF22BB1B2F16743C007C2090 /* ReelsView.swift */ = {isa = PBXFileReference; lastKnownFileType = sourcecode.swift; path = ReelsView.swift; sourceTree = "<group>"; };
		DF22BB1C2F16743C007C2090 /* SharedUtilities.swift */ = {isa = PBXFileReference; lastKnownFileType = sourcecode.swift; path = SharedUtilities.swift; sourceTree = "<group>"; };
		DF22BB1D2F16743C007C2090 /* TagsView.swift */ = {isa = PBXFileReference; lastKnownFileType = sourcecode.swift; path = TagsView.swift; sourceTree = "<group>"; };
		DF22BB262F167CDC007C2090 /* ImageCacheManager.swift */ = {isa = PBXFileReference; lastKnownFileType = sourcecode.swift; path = ImageCacheManager.swift; sourceTree = "<group>"; };
		DF22BB312F1831C7007C2090 /* AppearanceManager.swift */ = {isa = PBXFileReference; lastKnownFileType = sourcecode.swift; path = AppearanceManager.swift; sourceTree = "<group>"; };
		DF22BB332F1831C7007C2090 /* AppearanceSettingsView.swift */ = {isa = PBXFileReference; lastKnownFileType = sourcecode.swift; path = AppearanceSettingsView.swift; sourceTree = "<group>"; };
		A1ED4C0112345678901234AB /* EditModeSettingsView.swift */ = {isa = PBXFileReference; lastKnownFileType = sourcecode.swift; path = EditModeSettingsView.swift; sourceTree = "<group>"; };
		DF22BB352F1832AD007C2090 /* NavigationCoordinator.swift */ = {isa = PBXFileReference; lastKnownFileType = sourcecode.swift; path = NavigationCoordinator.swift; sourceTree = "<group>"; };
		DF22BB392F1832E8007C2090 /* PerformersView.swift */ = {isa = PBXFileReference; lastKnownFileType = sourcecode.swift; path = PerformersView.swift; sourceTree = "<group>"; };
		DF4A022B2F1E8B6800E5EAFB /* ImagesView.swift */ = {isa = PBXFileReference; lastKnownFileType = sourcecode.swift; path = ImagesView.swift; sourceTree = "<group>"; };
		A1SP1C0112345678901234AB /* StashyPicView.swift */ = {isa = PBXFileReference; lastKnownFileType = sourcecode.swift; path = StashyPicView.swift; sourceTree = "<group>"; };
		DF675E5D2F2A46A1004CA019 /* HomeRowView.swift */ = {isa = PBXFileReference; lastKnownFileType = sourcecode.swift; path = HomeRowView.swift; sourceTree = "<group>"; };
		DF675E5E2F2A46A1004CA019 /* HomeSceneCardView.swift */ = {isa = PBXFileReference; lastKnownFileType = sourcecode.swift; path = HomeSceneCardView.swift; sourceTree = "<group>"; };
		DF675E5F2F2A46A1004CA019 /* HomeStatisticsRowView.swift */ = {isa = PBXFileReference; lastKnownFileType = sourcecode.swift; path = HomeStatisticsRowView.swift; sourceTree = "<group>"; };
		DF675E662F2A6386004CA019 /* FilterRepository.swift */ = {isa = PBXFileReference; lastKnownFileType = sourcecode.swift; path = FilterRepository.swift; sourceTree = "<group>"; };
		DF675E672F2A6386004CA019 /* GalleryRepository.swift */ = {isa = PBXFileReference; lastKnownFileType = sourcecode.swift; path = GalleryRepository.swift; sourceTree = "<group>"; };
		DF675E682F2A6386004CA019 /* PerformerRepository.swift */ = {isa = PBXFileReference; lastKnownFileType = sourcecode.swift; path = PerformerRepository.swift; sourceTree = "<group>"; };
		DF675E692F2A6386004CA019 /* SceneRepository.swift */ = {isa = PBXFileReference; lastKnownFileType = sourcecode.swift; path = SceneRepository.swift; sourceTree = "<group>"; };
		DF675E6A2F2A6386004CA019 /* StudioRepository.swift */ = {isa = PBXFileReference; lastKnownFileType = sourcecode.swift; path = StudioRepository.swift; sourceTree = "<group>"; };
		DF675E6B2F2A6386004CA019 /* TagRepository.swift */ = {isa = PBXFileReference; lastKnownFileType = sourcecode.swift; path = TagRepository.swift; sourceTree = "<group>"; };
		DF675E732F2A6392004CA019 /* SceneGalleriesCard.swift */ = {isa = PBXFileReference; lastKnownFileType = sourcecode.swift; path = SceneGalleriesCard.swift; sourceTree = "<group>"; };
		DF675E742F2A6392004CA019 /* ScenePerformersCard.swift */ = {isa = PBXFileReference; lastKnownFileType = sourcecode.swift; path = ScenePerformersCard.swift; sourceTree = "<group>"; };
		DF675E752F2A6392004CA019 /* SceneStudioCard.swift */ = {isa = PBXFileReference; lastKnownFileType = sourcecode.swift; path = SceneStudioCard.swift; sourceTree = "<group>"; };
		DF675E762F2A6392004CA019 /* SceneTagsCard.swift */ = {isa = PBXFileReference; lastKnownFileType = sourcecode.swift; path = SceneTagsCard.swift; sourceTree = "<group>"; };
		FA617C2A62174FFFB0912B44 /* SceneGroupsCard.swift */ = {isa = PBXFileReference; lastKnownFileType = sourcecode.swift; path = SceneGroupsCard.swift; sourceTree = "<group>"; };
		DF675E772F2A6392004CA019 /* SceneVideoPlayerCard.swift */ = {isa = PBXFileReference; lastKnownFileType = sourcecode.swift; path = SceneVideoPlayerCard.swift; sourceTree = "<group>"; };
		DF90B75D2F1A5ECE003ED852 /* StarRatingView.swift */ = {isa = PBXFileReference; lastKnownFileType = sourcecode.swift; path = StarRatingView.swift; sourceTree = "<group>"; };
		DF90B7632F1ACEA3003ED852 /* ServerSetupWizardView.swift */ = {isa = PBXFileReference; lastKnownFileType = sourcecode.swift; path = ServerSetupWizardView.swift; sourceTree = "<group>"; };
		DF90B7652F1B72E5003ED852 /* UniversalSearchView.swift */ = {isa = PBXFileReference; lastKnownFileType = sourcecode.swift; path = UniversalSearchView.swift; sourceTree = "<group>"; };
		DFE5045D2E8A8C2000323FF0 /* ScenesView.swift */ = {isa = PBXFileReference; lastKnownFileType = sourcecode.swift; path = ScenesView.swift; sourceTree = "<group>"; };
		DFE5045D2E8A8C2000323FF1 /* SceneDetailView.swift */ = {isa = PBXFileReference; lastKnownFileType = sourcecode.swift; path = SceneDetailView.swift; sourceTree = "<group>"; };
		DFE5045D2E8A8C2000323FF2 /* PerformerDetailView.swift */ = {isa = PBXFileReference; lastKnownFileType = sourcecode.swift; path = PerformerDetailView.swift; sourceTree = "<group>"; };
		DFE5045D2E8A8C2000323FF4 /* StudioDetailView.swift */ = {isa = PBXFileReference; lastKnownFileType = sourcecode.swift; path = StudioDetailView.swift; sourceTree = "<group>"; };
		DFE504602E8A8E6F00323FF0 /* stashy.app */ = {isa = PBXFileReference; explicitFileType = wrapper.application; includeInIndex = 0; path = stashy.app; sourceTree = BUILT_PRODUCTS_DIR; };
		DFE504612E8A8C4000323FF0 /* StudiosView.swift */ = {isa = PBXFileReference; lastKnownFileType = sourcecode.swift; path = StudiosView.swift; sourceTree = "<group>"; };
		DFE504632E8A8C5000323FF0 /* SceneDelegate.swift */ = {isa = PBXFileReference; lastKnownFileType = sourcecode.swift; path = SceneDelegate.swift; sourceTree = "<group>"; };
		DFF7EE402F0D3D2800344A8B /* TabManager.swift */ = {isa = PBXFileReference; lastKnownFileType = sourcecode.swift; path = TabManager.swift; sourceTree = "<group>"; };
		DFGQ000022F28A0000000002 /* GraphQLClient.swift */ = {isa = PBXFileReference; lastKnownFileType = sourcecode.swift; path = GraphQLClient.swift; sourceTree = "<group>"; };
		DFGQ000042F28A0000000004 /* GraphQLQueries.swift */ = {isa = PBXFileReference; lastKnownFileType = sourcecode.swift; path = GraphQLQueries.swift; sourceTree = "<group>"; };
		DFGQGRAPHQLREF001 /* graphql */ = {isa = PBXFileReference; lastKnownFileType = folder; path = graphql; sourceTree = "<group>"; };
		DFSEC0022F2A000100000002 /* SecurityManager.swift */ = {isa = PBXFileReference; lastKnownFileType = sourcecode.swift; path = SecurityManager.swift; sourceTree = "<group>"; };
		DFSEC0042F2A000100000004 /* PasscodeEntryView.swift */ = {isa = PBXFileReference; lastKnownFileType = sourcecode.swift; path = PasscodeEntryView.swift; sourceTree = "<group>"; };
		DFSEC0062F2A000100000006 /* SecuritySettingsView.swift */ = {isa = PBXFileReference; lastKnownFileType = sourcecode.swift; path = SecuritySettingsView.swift; sourceTree = "<group>"; };
		DFSM000022F2NEWFILE002 /* KeychainManager.swift */ = {isa = PBXFileReference; lastKnownFileType = sourcecode.swift; path = KeychainManager.swift; sourceTree = "<group>"; };
		DFSM000062F2NEWFILE006 /* ServerFormViewNew.swift */ = {isa = PBXFileReference; lastKnownFileType = sourcecode.swift; path = ServerFormViewNew.swift; sourceTree = "<group>"; };
		DFST000022F30A0000000002 /* SettingsView.swift */ = {isa = PBXFileReference; lastKnownFileType = sourcecode.swift; path = SettingsView.swift; sourceTree = "<group>"; };
		DFST000042F30A0000000004 /* ServerListSection.swift */ = {isa = PBXFileReference; lastKnownFileType = sourcecode.swift; path = ServerListSection.swift; sourceTree = "<group>"; };
		DFST000062F30A0000000006 /* ServerDetailView.swift */ = {isa = PBXFileReference; lastKnownFileType = sourcecode.swift; path = ServerDetailView.swift; sourceTree = "<group>"; };
		DFST000082F30A0000000008 /* PlaybackSettingsSection.swift */ = {isa = PBXFileReference; lastKnownFileType = sourcecode.swift; path = PlaybackSettingsSection.swift; sourceTree = "<group>"; };
		DFST0000A2F30A000000000A /* ContentSettingsSection.swift */ = {isa = PBXFileReference; lastKnownFileType = sourcecode.swift; path = ContentSettingsSection.swift; sourceTree = "<group>"; };
		DFST0000C2F30A000000000C /* DashboardSettingsView.swift */ = {isa = PBXFileReference; lastKnownFileType = sourcecode.swift; path = DashboardSettingsView.swift; sourceTree = "<group>"; };
		DFST0000E2F30A000000000E /* ReelsModeSettingsView.swift */ = {isa = PBXFileReference; lastKnownFileType = sourcecode.swift; path = ReelsModeSettingsView.swift; sourceTree = "<group>"; };
		DFSL1NST2F30A0000000SETF /* StashLineSettingsView.swift */ = {isa = PBXFileReference; lastKnownFileType = sourcecode.swift; path = StashLineSettingsView.swift; sourceTree = "<group>"; };
		DFST000102F30A0000000010 /* DefaultSortView.swift */ = {isa = PBXFileReference; lastKnownFileType = sourcecode.swift; path = DefaultSortView.swift; sourceTree = "<group>"; };
		DFST000122F30A0000000012 /* DefaultFilterView.swift */ = {isa = PBXFileReference; lastKnownFileType = sourcecode.swift; path = DefaultFilterView.swift; sourceTree = "<group>"; };
		DFST000142F30A0000000014 /* ServerStatisticsView.swift */ = {isa = PBXFileReference; lastKnownFileType = sourcecode.swift; path = ServerStatisticsView.swift; sourceTree = "<group>"; };
		DFUI000022F3AUDIT002 /* DesignTokens.swift */ = {isa = PBXFileReference; lastKnownFileType = sourcecode.swift; path = DesignTokens.swift; sourceTree = "<group>"; };
		DFUI000042F3AUDIT004 /* HapticManager.swift */ = {isa = PBXFileReference; lastKnownFileType = sourcecode.swift; path = HapticManager.swift; sourceTree = "<group>"; };
		DFUI000062F3AUDIT006 /* ToastManager.swift */ = {isa = PBXFileReference; lastKnownFileType = sourcecode.swift; path = ToastManager.swift; sourceTree = "<group>"; };
/* End PBXFileReference section */

/* Begin PBXFileSystemSynchronizedRootGroup section */
		37D3E24F2F3932C400AB8FAD /* stashyTV */ = {isa = PBXFileSystemSynchronizedRootGroup; explicitFileTypes = {}; explicitFolders = (); path = stashyTV; sourceTree = "<group>"; };
/* End PBXFileSystemSynchronizedRootGroup section */

/* Begin PBXFrameworksBuildPhase section */
		08FB7791FE84155DC02AAC07 /* Frameworks */ = {
			isa = PBXFrameworksBuildPhase;
			buildActionMask = 2147483647;
			files = (
			);
			runOnlyForDeploymentPostprocessing = 0;
		};
		37D3E24B2F3932C400AB8FAD /* Frameworks */ = {
			isa = PBXFrameworksBuildPhase;
			buildActionMask = 2147483647;
			files = (
			);
			runOnlyForDeploymentPostprocessing = 0;
		};
/* End PBXFrameworksBuildPhase section */

/* Begin PBXGroup section */
		08FB778CFE84155DC02AAC07 = {
			isa = PBXGroup;
			children = (
				08FB77A8FE84155DC02AAC07 /* stashy */,
				08FB77A0FE84155DC02AAC07 /* stashy/Info.plist */,
				DFE504602E8A8E6F00323FF0 /* stashy.app */,
				DFGQGRAPHQLREF001 /* graphql */,
				37D3E24E2F3932C400AB8FAD /* stashyTV.app */,
				37D3E24F2F3932C400AB8FAD /* stashyTV */,
			);
			sourceTree = "<group>";
		};
		08FB77A8FE84155DC02AAC07 /* stashy */ = {
			isa = PBXGroup;
			children = (
				08FB7794FE84155DC02AAC07 /* App.swift */,
				DF22BB312F1831C7007C2090 /* AppearanceManager.swift */,
				AA0000022E8A9C0000000001 /* Assets.xcassets */,
				DF675E612F2A46A1004CA019 /* Home */,
				DFST000012F30A0000000001 /* Settings */,
				DF22BB142F167223007C2090 /* CatalogsView.swift */,
				DFUI000022F3AUDIT002 /* DesignTokens.swift */,
				DF22BB172F16743C007C2090 /* DownloadsView.swift */,
				DF22BB182F16743C007C2090 /* GalleriesView.swift */,
				DFUI000042F3AUDIT004 /* HapticManager.swift */,
				DF675E6C2F2A6386004CA019 /* Repositories */,
				DFGQ000022F28A0000000002 /* GraphQLClient.swift */,
				DF675E792F2A6392004CA019 /* SceneDetail */,
				DFSEC0072F2A000100000007 /* Components */,
				DFGQ000042F28A0000000004 /* GraphQLQueries.swift */,
				DF22BB192F16743C007C2090 /* HomeView.swift */,
				372E2D692F6339EE00603361 /* LoginAuthHelper.swift */,
				DF22BB262F167CDC007C2090 /* ImageCacheManager.swift */,
				37BE5B4D2F51718500107960 /* Managers */,
				DFSM000022F2NEWFILE002 /* KeychainManager.swift */,
				08FB7798FE84155DC02AAC07 /* MainTabView.swift */,
				DF22BB352F1832AD007C2090 /* NavigationCoordinator.swift */,
				DF4A022B2F1E8B6800E5EAFB /* ImagesView.swift */,
				A1SP1C0112345678901234AB /* StashyPicView.swift */,
				DFE5045D2E8A8C2000323FF2 /* PerformerDetailView.swift */,
				DF22BB392F1832E8007C2090 /* PerformersView.swift */,
				DF22BB1B2F16743C007C2090 /* ReelsView.swift */,
				DF06EF252F18EC1100299105 /* SceneCardView.swift */,
				DFE504632E8A8C5000323FF0 /* SceneDelegate.swift */,
				DFE5045D2E8A8C2000323FF1 /* SceneDetailView.swift */,
				37D092D52F8980B400DB7A08 /* MarkersView.swift */,
				DFE5045D2E8A8C2000323FF0 /* ScenesView.swift */,
				08FB779EFE84155DC02AAC07 /* ServerConfig.swift */,
				DFSM000062F2NEWFILE006 /* ServerFormViewNew.swift */,
				DF90B7632F1ACEA3003ED852 /* ServerSetupWizardView.swift */,
				DF22BB1C2F16743C007C2090 /* SharedUtilities.swift */,
				DF90B75D2F1A5ECE003ED852 /* StarRatingView.swift */,
				08FB77A2FE84155DC02AAC07 /* StashDBViewModel.swift */,
				DFE5045D2E8A8C2000323FF4 /* StudioDetailView.swift */,
				DFE504612E8A8C4000323FF0 /* StudiosView.swift */,
				DFF7EE402F0D3D2800344A8B /* TabManager.swift */,
				DF22BB1D2F16743C007C2090 /* TagsView.swift */,
				DFUI000062F3AUDIT006 /* ToastManager.swift */,
				DF90B7652F1B72E5003ED852 /* UniversalSearchView.swift */,
			);
			path = stashy;
			sourceTree = "<group>";
		};
		37BE5B4D2F51718500107960 /* Managers */ = {
			isa = PBXGroup;
			children = (
				372E2D982F64272300603361 /* VideoAnalysisManager.swift */,
				372E2D9A2F64425000603361 /* StashSyncManager.swift */,
				DFSEC0022F2A000100000002 /* SecurityManager.swift */,
			);
			path = Managers;
			sourceTree = "<group>";
		};
		DF675E612F2A46A1004CA019 /* Home */ = {
			isa = PBXGroup;
			children = (
				DF675E5D2F2A46A1004CA019 /* HomeRowView.swift */,
				DF675E5E2F2A46A1004CA019 /* HomeSceneCardView.swift */,
				DF675E5F2F2A46A1004CA019 /* HomeStatisticsRowView.swift */,
			);
			path = Home;
			sourceTree = "<group>";
		};
		DF675E6C2F2A6386004CA019 /* Repositories */ = {
			isa = PBXGroup;
			children = (
				DF675E662F2A6386004CA019 /* FilterRepository.swift */,
				DF675E672F2A6386004CA019 /* GalleryRepository.swift */,
				DF675E682F2A6386004CA019 /* PerformerRepository.swift */,
				DF675E692F2A6386004CA019 /* SceneRepository.swift */,
				DF675E6A2F2A6386004CA019 /* StudioRepository.swift */,
				DF675E6B2F2A6386004CA019 /* TagRepository.swift */,
			);
			path = Repositories;
			sourceTree = "<group>";
		};
		DF675E782F2A6392004CA019 /* Components */ = {
			isa = PBXGroup;
			children = (
				DF675E732F2A6392004CA019 /* SceneGalleriesCard.swift */,
				DF675E742F2A6392004CA019 /* ScenePerformersCard.swift */,
				DF675E752F2A6392004CA019 /* SceneStudioCard.swift */,
				DF675E762F2A6392004CA019 /* SceneTagsCard.swift */,
				FA617C2A62174FFFB0912B44 /* SceneGroupsCard.swift */,
				DF675E772F2A6392004CA019 /* SceneVideoPlayerCard.swift */,
				37D3E4912F3A305D00AB8FAD /* SceneHeatmapCard.swift */,
			);
			path = Components;
			sourceTree = "<group>";
		};
		DF675E792F2A6392004CA019 /* SceneDetail */ = {
			isa = PBXGroup;
			children = (
				DF675E782F2A6392004CA019 /* Components */,
			);
			path = SceneDetail;
			sourceTree = "<group>";
		};
		DFSEC0072F2A000100000007 /* Components */ = {
			isa = PBXGroup;
			children = (
				DFSEC0042F2A000100000004 /* PasscodeEntryView.swift */,
			);
			path = Components;
			sourceTree = "<group>";
		};
		DFST000012F30A0000000001 /* Settings */ = {
			isa = PBXGroup;
			children = (
				DF22BB332F1831C7007C2090 /* AppearanceSettingsView.swift */,
				A1ED4C0112345678901234AB /* EditModeSettingsView.swift */,
				DFSEC0062F2A000100000006 /* SecuritySettingsView.swift */,
				DFST0000A2F30A000000000A /* ContentSettingsSection.swift */,
				DFST0000C2F30A000000000C /* DashboardSettingsView.swift */,
				DFST000122F30A0000000012 /* DefaultFilterView.swift */,
				DFST000102F30A0000000010 /* DefaultSortView.swift */,
				DFST000082F30A0000000008 /* PlaybackSettingsSection.swift */,
				DFST0000E2F30A000000000E /* ReelsModeSettingsView.swift */,
				DFSL1NST2F30A0000000SETF /* StashLineSettingsView.swift */,
				DFST000062F30A0000000006 /* ServerDetailView.swift */,
				DFST000042F30A0000000004 /* ServerListSection.swift */,
				DFST000142F30A0000000014 /* ServerStatisticsView.swift */,
				DFST000022F30A0000000002 /* SettingsView.swift */,
			);
			path = Settings;
			sourceTree = "<group>";
		};
/* End PBXGroup section */

/* Begin PBXNativeTarget section */
		08FB7790FE84155DC02AAC07 /* stashy */ = {
			isa = PBXNativeTarget;
			buildConfigurationList = 1DEB928908733DD80010E9CD /* Build configuration list for PBXNativeTarget "stashy" */;
			buildPhases = (
				DFC0E8A42F10EA1C004BBEB2 /* ShellScript */,
				08FB778DFE84155DC02AAC07 /* Sources */,
				08FB7791FE84155DC02AAC07 /* Frameworks */,
				08FB7792FE84155DC02AAC07 /* Resources */,
			);
			buildRules = (
			);
			dependencies = (
			);
			name = stashy;
			productName = stashy;
			productReference = DFE504602E8A8E6F00323FF0 /* stashy.app */;
			productType = "com.apple.product-type.application";
		};
		37D3E24D2F3932C400AB8FAD /* stashyTV */ = {
			isa = PBXNativeTarget;
			buildConfigurationList = 37D3E2582F3932C500AB8FAD /* Build configuration list for PBXNativeTarget "stashyTV" */;
			buildPhases = (
				37D3E24A2F3932C400AB8FAD /* Sources */,
				37D3E24B2F3932C400AB8FAD /* Frameworks */,
				37D3E24C2F3932C400AB8FAD /* Resources */,
			);
			buildRules = (
			);
			dependencies = (
			);
			fileSystemSynchronizedGroups = (
				37D3E24F2F3932C400AB8FAD /* stashyTV */,
			);
			name = stashyTV;
			productName = stashyTV;
			productReference = 37D3E24E2F3932C400AB8FAD /* stashyTV.app */;
			productType = "com.apple.product-type.application";
		};
/* End PBXNativeTarget section */

/* Begin PBXProject section */
		08FB779FFE84155DC02AAC07 /* Project object */ = {
			isa = PBXProject;
			attributes = {
				BuildIndependentTargetsInParallel = YES;
				LastSwiftUpdateCheck = 2630;
				LastUpgradeCheck = 2630;
				TargetAttributes = {
					37D3E24D2F3932C400AB8FAD = {
						CreatedOnToolsVersion = 26.3;
					};
				};
			};
			buildConfigurationList = 1DEB928508733DD80010E9CD /* Build configuration list for PBXProject "stashy" */;
			compatibilityVersion = "Xcode 9.3";
			developmentRegion = en;
			hasScannedForEncodings = 1;
			knownRegions = (
				en,
				Base,
			);
			mainGroup = 08FB778CFE84155DC02AAC07;
			productRefGroup = 08FB778CFE84155DC02AAC07;
			projectDirPath = "";
			projectRoot = "";
			targets = (
				08FB7790FE84155DC02AAC07 /* stashy */,
				37D3E24D2F3932C400AB8FAD /* stashyTV */,
			);
		};
/* End PBXProject section */

/* Begin PBXResourcesBuildPhase section */
		08FB7792FE84155DC02AAC07 /* Resources */ = {
			isa = PBXResourcesBuildPhase;
			buildActionMask = 2147483647;
			files = (
				AA0000012E8A9C0000000001 /* Assets.xcassets in Resources */,
				DFGQGRAPHQLBUILD001 /* graphql in Resources */,
			);
			runOnlyForDeploymentPostprocessing = 0;
		};
		37D3E24C2F3932C400AB8FAD /* Resources */ = {
			isa = PBXResourcesBuildPhase;
			buildActionMask = 2147483647;
			files = (
				37D3E3262F39444C00AB8FAD /* Assets.xcassets in Resources */,
				CD4CA6C2CB694838903FF516 /* graphql in Resources */,
			);
			runOnlyForDeploymentPostprocessing = 0;
		};
/* End PBXResourcesBuildPhase section */

/* Begin PBXShellScriptBuildPhase section */
		DFC0E8A42F10EA1C004BBEB2 /* ShellScript */ = {
			isa = PBXShellScriptBuildPhase;
			alwaysOutOfDate = 1;
			buildActionMask = 2147483647;
			files = (
			);
			inputFileListPaths = (
			);
			inputPaths = (
			);
			outputFileListPaths = (
			);
			outputPaths = (
			);
			runOnlyForDeploymentPostprocessing = 0;
			shellPath = /bin/sh;
			shellScript = "$PROJECT_DIR/stashy/scripts/bump_version.sh \n";
		};
/* End PBXShellScriptBuildPhase section */

/* Begin PBXSourcesBuildPhase section */
		08FB778DFE84155DC02AAC07 /* Sources */ = {
			isa = PBXSourcesBuildPhase;
			buildActionMask = 2147483647;
			files = (
				DF675E7A2F2A6392004CA019 /* SceneGalleriesCard.swift in Sources */,
				DF675E7B2F2A6392004CA019 /* SceneVideoPlayerCard.swift in Sources */,
				DF675E7C2F2A6392004CA019 /* SceneStudioCard.swift in Sources */,
				DF675E7D2F2A6392004CA019 /* ScenePerformersCard.swift in Sources */,
				DF675E7E2F2A6392004CA019 /* SceneTagsCard.swift in Sources */,
				9BA6D13B444E433980610D36 /* SceneGroupsCard.swift in Sources */,
				DFST000032F30A0000000003 /* SettingsView.swift in Sources */,
				DFST000052F30A0000000005 /* ServerListSection.swift in Sources */,
				37D3E4922F3A305D00AB8FAD /* SceneHeatmapCard.swift in Sources */,
				DFST000072F30A0000000007 /* ServerDetailView.swift in Sources */,
				DFST000092F30A0000000009 /* PlaybackSettingsSection.swift in Sources */,
				DFST0000B2F30A000000000B /* ContentSettingsSection.swift in Sources */,
				DFST0000D2F30A000000000D /* DashboardSettingsView.swift in Sources */,
				DFST0000F2F30A000000000F /* ReelsModeSettingsView.swift in Sources */,
				DFSL1NST2F30A0000000SETB /* StashLineSettingsView.swift in Sources */,
				DFST000112F30A0000000011 /* DefaultSortView.swift in Sources */,
				372E2D992F64272300603361 /* VideoAnalysisManager.swift in Sources */,
				DFST000132F30A0000000013 /* DefaultFilterView.swift in Sources */,
				DFST000152F30A0000000015 /* ServerStatisticsView.swift in Sources */,
				DFE5045E2E8A8C2000323FF0 /* ScenesView.swift in Sources */,
				DFE5045F2E8A8C2000323FF0 /* SceneDetailView.swift in Sources */,
				DF675E6D2F2A6386004CA019 /* GalleryRepository.swift in Sources */,
				DF675E6E2F2A6386004CA019 /* StudioRepository.swift in Sources */,
				DF675E6F2F2A6386004CA019 /* FilterRepository.swift in Sources */,
				DF675E702F2A6386004CA019 /* TagRepository.swift in Sources */,
				DF675E712F2A6386004CA019 /* SceneRepository.swift in Sources */,
				DF675E722F2A6386004CA019 /* PerformerRepository.swift in Sources */,
				DFE504602E8A8C2000323FF0 /* PerformerDetailView.swift in Sources */,
				372E2D6A2F6339EE00603361 /* LoginAuthHelper.swift in Sources */,
				DFE504602E8A8C2000323FF3 /* StudioDetailView.swift in Sources */,
				DFE504642E8A8C5000323FF0 /* SceneDelegate.swift in Sources */,
				08FB7793FE84155DC02AAC07 /* App.swift in Sources */,
				08FB7797FE84155DC02AAC07 /* MainTabView.swift in Sources */,
				DF22BB322F1831C7007C2090 /* AppearanceManager.swift in Sources */,
				DF675E622F2A46A2004CA019 /* HomeRowView.swift in Sources */,
				DF675E632F2A46A2004CA019 /* HomeStatisticsRowView.swift in Sources */,
				DF675E652F2A46A2004CA019 /* HomeSceneCardView.swift in Sources */,
				08FB779DFE84155DC02AAC07 /* ServerConfig.swift in Sources */,
				DF22BB362F1832AD007C2090 /* NavigationCoordinator.swift in Sources */,
				DF22BB272F167CDC007C2090 /* ImageCacheManager.swift in Sources */,
				08FB77A1FE84155DC02AAC07 /* StashDBViewModel.swift in Sources */,
				37D092D62F8980B400DB7A08 /* MarkersView.swift in Sources */,
				DF90B7662F1B72E5003ED852 /* UniversalSearchView.swift in Sources */,
				DF22BB3A2F1832E8007C2090 /* PerformersView.swift in Sources */,
				DF22BB152F167223007C2090 /* CatalogsView.swift in Sources */,
				DF22BB1E2F16743C007C2090 /* TagsView.swift in Sources */,
				DF90B75E2F1A5ECF003ED852 /* StarRatingView.swift in Sources */,
				DF22BB1F2F16743C007C2090 /* DownloadsView.swift in Sources */,
				DF4A022C2F1E8B6900E5EAFB /* ImagesView.swift in Sources */,
				A1SP1C0012345678901234AB /* StashyPicView.swift in Sources */,
				DF22BB202F16743C007C2090 /* GalleriesView.swift in Sources */,
				DF22BB222F16743C007C2090 /* ReelsView.swift in Sources */,
				DF22BB232F16743C007C2090 /* SharedUtilities.swift in Sources */,
				DF06EF262F18EC1300299105 /* SceneCardView.swift in Sources */,
				DF22BB242F16743C007C2090 /* HomeView.swift in Sources */,
				DFF7EE412F0D3D2800344A8B /* TabManager.swift in Sources */,
				DFE504622E8A8C4000323FF0 /* StudiosView.swift in Sources */,
				DF22BB342F1831C7007C2090 /* AppearanceSettingsView.swift in Sources */,
				A1ED4C0012345678901234AB /* EditModeSettingsView.swift in Sources */,
				DF90B7642F1ACEA3003ED852 /* ServerSetupWizardView.swift in Sources */,
				DFGQ000012F28A0000000001 /* GraphQLClient.swift in Sources */,
				DFGQ000032F28A0000000003 /* GraphQLQueries.swift in Sources */,
				DFSM000012F2NEWFILE001 /* KeychainManager.swift in Sources */,
				DFSM000052F2NEWFILE005 /* ServerFormViewNew.swift in Sources */,
				372E2D9B2F64425000603361 /* StashSyncManager.swift in Sources */,
				DFUI000012F3AUDIT001 /* DesignTokens.swift in Sources */,
				DFUI000032F3AUDIT003 /* HapticManager.swift in Sources */,
				DFUI000052F3AUDIT005 /* ToastManager.swift in Sources */,
				DFSEC0012F2A000100000001 /* SecurityManager.swift in Sources */,
				DFSEC0032F2A000100000003 /* PasscodeEntryView.swift in Sources */,
				DFSEC0052F2A000100000005 /* SecuritySettingsView.swift in Sources */,
			);
			runOnlyForDeploymentPostprocessing = 0;
		};
		37D3E24A2F3932C400AB8FAD /* Sources */ = {
			isa = PBXSourcesBuildPhase;
			buildActionMask = 2147483647;
			files = (
				FDFEA639517B4DF2B8490448 /* App.swift in Sources */,
				AAB8EA012D744BBCB254F7D6 /* MainTabView.swift in Sources */,
				4641A386019F4F5F81B587A8 /* StashDBViewModel.swift in Sources */,
				91CF530080674BF98FF154C4 /* SceneCardView.swift in Sources */,
				5B0100661A854DEDA5E55778 /* CatalogsView.swift in Sources */,
				02B19A59AAFE4A16B45A861F /* DownloadsView.swift in Sources */,
				5BC6653D5C9D4675881F40BA /* GalleriesView.swift in Sources */,
				2F2314B3093A480F864AFEEC /* HomeView.swift in Sources */,
				6B7F79949CEB4E2CB62F2650 /* ReelsView.swift in Sources */,
				9AA0A05BF61443C2B087A163 /* SharedUtilities.swift in Sources */,
				8D7ECC24161D4D9EBF4C3A57 /* TagsView.swift in Sources */,
				5DDB6F948ED24348A4916DCF /* ImageCacheManager.swift in Sources */,
				A8FA63740E8A43609EDB1AAD /* AppearanceManager.swift in Sources */,
				7B48CDF007B7469B93ACF595 /* AppearanceSettingsView.swift in Sources */,
				A1ED4C0212345678901234AB /* EditModeSettingsView.swift in Sources */,
				101EE38B25B74B1BBA920AEA /* NavigationCoordinator.swift in Sources */,
				F4BF2858338E42E6AA292FCC /* PerformersView.swift in Sources */,
				A519E23C8BE040F79C6EFE18 /* ImagesView.swift in Sources */,
				A1SP1C0212345678901234AB /* StashyPicView.swift in Sources */,
				BB58741767674753BACDD0BA /* HomeRowView.swift in Sources */,
				42AECC4BE2264997B0333A90 /* HomeSceneCardView.swift in Sources */,
				BFFDBA13C2414AB6B3120A34 /* HomeStatisticsRowView.swift in Sources */,
				757D103CB6294F49B8301A7B /* FilterRepository.swift in Sources */,
				F21C93AC1160498EB0A17AF4 /* GalleryRepository.swift in Sources */,
				F6BC02EF04794FCAA2460E89 /* PerformerRepository.swift in Sources */,
				85D2DEBA701341D2A43E2EAA /* SceneRepository.swift in Sources */,
				3E39578124904717B35F0006 /* StudioRepository.swift in Sources */,
				64D0D9557F7C404B8C16EF39 /* TagRepository.swift in Sources */,
				11F5E1EE280744C5928133CD /* SceneGalleriesCard.swift in Sources */,
				5CAFF7AF91B64F458C104E84 /* ScenePerformersCard.swift in Sources */,
				51487CAA64DF4CC3B986B68C /* SceneStudioCard.swift in Sources */,
				A448F31312224C5CA0763758 /* SceneTagsCard.swift in Sources */,
				BEBA9D663C334D69A68E2935 /* SceneGroupsCard.swift in Sources */,
				37D3E4932F3A305D00AB8FAD /* SceneHeatmapCard.swift in Sources */,
				372E2D6B2F633DB400603361 /* LoginAuthHelper.swift in Sources */,
				DED26B5AB7A04A979AF74BAE /* SceneVideoPlayerCard.swift in Sources */,
				5B3249B4152046408B964DDC /* StarRatingView.swift in Sources */,
				11A2D778BDD54ABE859A5F1D /* ServerSetupWizardView.swift in Sources */,
				1998A3883F7C4601AC6BFE39 /* UniversalSearchView.swift in Sources */,
				0AD34A514F0B499FB1566E23 /* ScenesView.swift in Sources */,
				3F36416D734D45FE8200AA26 /* SceneDetailView.swift in Sources */,
				2589B7DB551E457BA8800634 /* PerformerDetailView.swift in Sources */,
				6BC1E5F563B84AA4B9FA20D9 /* StudioDetailView.swift in Sources */,
				0919B93E9C064D3AAF9A95C0 /* StudiosView.swift in Sources */,
				37D3E2E52F39384000AB8FAD /* ServerConfig.swift in Sources */,
				7BB701173C934CC5AD19DC74 /* SceneDelegate.swift in Sources */,
				790261AAF80B42C485B72074 /* TabManager.swift in Sources */,
				C047CE6380F048858A91E6C9 /* GraphQLClient.swift in Sources */,
				E909C6E8F4744C4D939F78BD /* GraphQLQueries.swift in Sources */,
			);
			runOnlyForDeploymentPostprocessing = 0;
		};
/* End PBXSourcesBuildPhase section */

/* Begin XCBuildConfiguration section */
		1DEB928608733DD80010E9CD /* Debug */ = {
			isa = XCBuildConfiguration;
			buildSettings = {
				ALWAYS_SEARCH_USER_PATHS = NO;
				CLANG_ANALYZER_NONNULL = YES;
				CLANG_ANALYZER_NUMBER_OBJECT_CONVERSION = YES_AGGRESSIVE;
				CLANG_CXX_LANGUAGE_STANDARD = "gnu++14";
				CLANG_CXX_LIBRARY = "libc++";
				CLANG_ENABLE_MODULES = YES;
				CLANG_ENABLE_OBJC_ARC = YES;
				CLANG_ENABLE_OBJC_WEAK = YES;
				CLANG_WARN_BLOCK_CAPTURE_AUTORELEASING = YES;
				CLANG_WARN_BOOL_CONVERSION = YES;
				CLANG_WARN_COMMA = YES;
				CLANG_WARN_CONSTANT_CONVERSION = YES;
				CLANG_WARN_DEPRECATED_OBJC_IMPLEMENTATIONS = YES;
				CLANG_WARN_DIRECT_OBJC_ISA_USAGE = YES_ERROR;
				CLANG_WARN_EMPTY_BODY = YES;
				CLANG_WARN_ENUM_CONVERSION = YES;
				CLANG_WARN_INFINITE_RECURSION = YES;
				CLANG_WARN_INT_CONVERSION = YES;
				CLANG_WARN_NON_LITERAL_NULL_CONVERSION = YES;
				CLANG_WARN_OBJC_IMPLICIT_RETAIN_SELF = YES;
				CLANG_WARN_OBJC_LITERAL_CONVERSION = YES;
				CLANG_WARN_OBJC_ROOT_CLASS = YES_ERROR;
				CLANG_WARN_QUOTED_INCLUDE_IN_FRAMEWORK_HEADER = YES;
				CLANG_WARN_RANGE_LOOP_ANALYSIS = YES;
				CLANG_WARN_STRICT_PROTOTYPES = YES;
				CLANG_WARN_SUSPICIOUS_MOVE = YES;
				CLANG_WARN_UNGUARDED_AVAILABILITY = YES_AGGRESSIVE;
				CLANG_WARN_UNREACHABLE_CODE = YES;
				CLANG_WARN__DUPLICATE_METHOD_MATCH = YES;
				COPY_PHASE_STRIP = NO;
				CURRENT_PROJECT_VERSION = 1;
				DEBUG_INFORMATION_FORMAT = dwarf;
				DEVELOPMENT_TEAM = 699G2QY959;
				ENABLE_STRICT_OBJC_MSGSEND = YES;
				ENABLE_TESTABILITY = YES;
				ENABLE_USER_SCRIPT_SANDBOXING = NO;
				GCC_C_LANGUAGE_STANDARD = gnu11;
				GCC_DYNAMIC_NO_PIC = NO;
				GCC_NO_COMMON_BLOCKS = YES;
				GCC_OPTIMIZATION_LEVEL = 0;
				GCC_PREPROCESSOR_DEFINITIONS = (
					"DEBUG=1",
					"$(inherited)",
				);
				GCC_WARN_64_TO_32_BIT_CONVERSION = YES;
				GCC_WARN_ABOUT_RETURN_TYPE = YES_ERROR;
				GCC_WARN_UNDECLARED_SELECTOR = YES;
				GCC_WARN_UNINITIALIZED_AUTOS = YES_AGGRESSIVE;
				GCC_WARN_UNUSED_FUNCTION = YES;
				GCC_WARN_UNUSED_VARIABLE = YES;
				IPHONEOS_DEPLOYMENT_TARGET = 18.0;
				MTL_ENABLE_DEBUG_INFO = INCLUDE_SOURCE;
				MTL_FAST_MATH = YES;
				ONLY_ACTIVE_ARCH = YES;
				SDKROOT = iphoneos;
				STRING_CATALOG_GENERATE_SYMBOLS = YES;
				SWIFT_ACTIVE_COMPILATION_CONDITIONS = DEBUG;
				SWIFT_OPTIMIZATION_LEVEL = "-Onone";
			};
			name = Debug;
		};
		1DEB928708733DD80010E9CD /* Release */ = {
			isa = XCBuildConfiguration;
			buildSettings = {
				ALWAYS_SEARCH_USER_PATHS = NO;
				CLANG_ANALYZER_NONNULL = YES;
				CLANG_ANALYZER_NUMBER_OBJECT_CONVERSION = YES_AGGRESSIVE;
				CLANG_CXX_LANGUAGE_STANDARD = "gnu++14";
				CLANG_CXX_LIBRARY = "libc++";
				CLANG_ENABLE_MODULES = YES;
				CLANG_ENABLE_OBJC_ARC = YES;
				CLANG_ENABLE_OBJC_WEAK = YES;
				CLANG_WARN_BLOCK_CAPTURE_AUTORELEASING = YES;
				CLANG_WARN_BOOL_CONVERSION = YES;
				CLANG_WARN_COMMA = YES;
				CLANG_WARN_CONSTANT_CONVERSION = YES;
				CLANG_WARN_DEPRECATED_OBJC_IMPLEMENTATIONS = YES;
				CLANG_WARN_DIRECT_OBJC_ISA_USAGE = YES_ERROR;
				CLANG_WARN_EMPTY_BODY = YES;
				CLANG_WARN_ENUM_CONVERSION = YES;
				CLANG_WARN_INFINITE_RECURSION = YES;
				CLANG_WARN_INT_CONVERSION = YES;
				CLANG_WARN_NON_LITERAL_NULL_CONVERSION = YES;
				CLANG_WARN_OBJC_IMPLICIT_RETAIN_SELF = YES;
				CLANG_WARN_OBJC_LITERAL_CONVERSION = YES;
				CLANG_WARN_OBJC_ROOT_CLASS = YES_ERROR;
				CLANG_WARN_QUOTED_INCLUDE_IN_FRAMEWORK_HEADER = YES;
				CLANG_WARN_RANGE_LOOP_ANALYSIS = YES;
				CLANG_WARN_STRICT_PROTOTYPES = YES;
				CLANG_WARN_SUSPICIOUS_MOVE = YES;
				CLANG_WARN_UNGUARDED_AVAILABILITY = YES_AGGRESSIVE;
				CLANG_WARN_UNREACHABLE_CODE = YES;
				CLANG_WARN__DUPLICATE_METHOD_MATCH = YES;
				COPY_PHASE_STRIP = YES;
				CURRENT_PROJECT_VERSION = 1;
				DEBUG_INFORMATION_FORMAT = "dwarf-with-dsym";
				DEVELOPMENT_TEAM = 699G2QY959;
				ENABLE_NS_ASSERTIONS = NO;
				ENABLE_STRICT_OBJC_MSGSEND = YES;
				ENABLE_USER_SCRIPT_SANDBOXING = NO;
				GCC_C_LANGUAGE_STANDARD = gnu11;
				GCC_NO_COMMON_BLOCKS = YES;
				GCC_WARN_64_TO_32_BIT_CONVERSION = YES;
				GCC_WARN_ABOUT_RETURN_TYPE = YES_ERROR;
				GCC_WARN_UNDECLARED_SELECTOR = YES;
				GCC_WARN_UNINITIALIZED_AUTOS = YES_AGGRESSIVE;
				GCC_WARN_UNUSED_FUNCTION = YES;
				GCC_WARN_UNUSED_VARIABLE = YES;
				IPHONEOS_DEPLOYMENT_TARGET = 18.0;
				MTL_ENABLE_DEBUG_INFO = NO;
				MTL_FAST_MATH = YES;
				SDKROOT = iphoneos;
				STRING_CATALOG_GENERATE_SYMBOLS = YES;
				SWIFT_COMPILATION_MODE = wholemodule;
				SWIFT_OPTIMIZATION_LEVEL = "-O";
				VALIDATE_PRODUCT = YES;
			};
			name = Release;
		};
		1DEB928A08733DD80010E9CD /* Debug */ = {
			isa = XCBuildConfiguration;
			buildSettings = {
				ASSETCATALOG_COMPILER_APPICON_NAME = AppIcon;
				ASSETCATALOG_COMPILER_INCLUDE_ALL_APPICON_ASSETS = YES;
				CODE_SIGN_IDENTITY = "Apple Development";
				CODE_SIGN_STYLE = Automatic;
				CURRENT_PROJECT_VERSION = 1;
				DEVELOPMENT_TEAM = 699G2QY959;
				ENABLE_PREVIEWS = YES;
				INFOPLIST_FILE = stashy/Info.plist;
				INFOPLIST_KEY_CFBundleDisplayName = stashy;
				INFOPLIST_KEY_LSApplicationCategoryType = "public.app-category.entertainment";
				IPHONEOS_DEPLOYMENT_TARGET = 18.0;
				LD_RUNPATH_SEARCH_PATHS = (
					"$(inherited)",
					"@executable_path/Frameworks",
				);
				MARKETING_VERSION = 1.5.1;
				PRODUCT_BUNDLE_IDENTIFIER = de.letzgo.stashy;
				PRODUCT_NAME = "$(TARGET_NAME:c99extidentifier)";
				PROVISIONING_PROFILE_SPECIFIER = "";
				SUPPORTED_PLATFORMS = "iphoneos iphonesimulator";
				SUPPORTS_MACCATALYST = NO;
				SWIFT_EMIT_LOC_STRINGS = YES;
				SWIFT_VERSION = 5.0;
				TARGETED_DEVICE_FAMILY = "1,2";
			};
			name = Debug;
		};
		1DEB928B08733DD80010E9CD /* Release */ = {
			isa = XCBuildConfiguration;
			buildSettings = {
				ASSETCATALOG_COMPILER_APPICON_NAME = AppIcon;
				ASSETCATALOG_COMPILER_INCLUDE_ALL_APPICON_ASSETS = YES;
				CODE_SIGN_IDENTITY = "Apple Development";
				CODE_SIGN_STYLE = Automatic;
				CURRENT_PROJECT_VERSION = 1;
				DEVELOPMENT_TEAM = 699G2QY959;
				ENABLE_PREVIEWS = YES;
				INFOPLIST_FILE = stashy/Info.plist;
				INFOPLIST_KEY_CFBundleDisplayName = stashy;
				INFOPLIST_KEY_LSApplicationCategoryType = "public.app-category.entertainment";
				IPHONEOS_DEPLOYMENT_TARGET = 18.0;
				LD_RUNPATH_SEARCH_PATHS = (
					"$(inherited)",
					"@executable_path/Frameworks",
				);
				MARKETING_VERSION = 1.5.1;
				PRODUCT_BUNDLE_IDENTIFIER = de.letzgo.stashy;
				PRODUCT_NAME = "$(TARGET_NAME:c99extidentifier)";
				PROVISIONING_PROFILE_SPECIFIER = "";
				SUPPORTED_PLATFORMS = "iphoneos iphonesimulator";
				SUPPORTS_MACCATALYST = NO;
				SWIFT_EMIT_LOC_STRINGS = YES;
				SWIFT_VERSION = 5.0;
				TARGETED_DEVICE_FAMILY = "1,2";
			};
			name = Release;
		};
		37D3E2562F3932C500AB8FAD /* Debug */ = {
			isa = XCBuildConfiguration;
			buildSettings = {
				ASSETCATALOG_COMPILER_APPICON_NAME = AppIcon;
				ASSETCATALOG_COMPILER_GENERATE_SWIFT_ASSET_SYMBOL_EXTENSIONS = YES;
				ASSETCATALOG_COMPILER_GLOBAL_ACCENT_COLOR_NAME = AccentColor;
				ASSETCATALOG_COMPILER_INCLUDE_ALL_APPICON_ASSETS = YES;
				CLANG_CXX_LANGUAGE_STANDARD = "gnu++20";
				CLANG_WARN_DOCUMENTATION_COMMENTS = YES;
				CODE_SIGN_IDENTITY = "Apple Development";
				CODE_SIGN_STYLE = Automatic;
				CURRENT_PROJECT_VERSION = 1;
				DEVELOPMENT_TEAM = 699G2QY959;
				ENABLE_PREVIEWS = YES;
				ENABLE_USER_SCRIPT_SANDBOXING = YES;
				GCC_C_LANGUAGE_STANDARD = gnu17;
				GENERATE_INFOPLIST_FILE = NO;
				INFOPLIST_FILE = "stashyTV-Info.plist";
				INFOPLIST_KEY_LSApplicationCategoryType = "public.app-category.entertainment";
				LD_RUNPATH_SEARCH_PATHS = (
					"$(inherited)",
					"@executable_path/Frameworks",
				);
				LOCALIZATION_PREFERS_STRING_CATALOGS = YES;
				MARKETING_VERSION = 1.5.1;
				PRODUCT_BUNDLE_IDENTIFIER = de.letzgo.stashy;
				PRODUCT_NAME = "$(TARGET_NAME)";
				PROVISIONING_PROFILE_SPECIFIER = "";
				SDKROOT = appletvos;
				STRING_CATALOG_GENERATE_SYMBOLS = YES;
				SWIFT_ACTIVE_COMPILATION_CONDITIONS = "DEBUG $(inherited)";
				SWIFT_APPROACHABLE_CONCURRENCY = YES;
				SWIFT_DEFAULT_ACTOR_ISOLATION = MainActor;
				SWIFT_EMIT_LOC_STRINGS = YES;
				SWIFT_UPCOMING_FEATURE_MEMBER_IMPORT_VISIBILITY = YES;
				SWIFT_VERSION = 5.0;
				TARGETED_DEVICE_FAMILY = 3;
				TVOS_DEPLOYMENT_TARGET = 26.2;
			};
			name = Debug;
		};
		37D3E2572F3932C500AB8FAD /* Release */ = {
			isa = XCBuildConfiguration;
			buildSettings = {
				ASSETCATALOG_COMPILER_APPICON_NAME = AppIcon;
				ASSETCATALOG_COMPILER_GENERATE_SWIFT_ASSET_SYMBOL_EXTENSIONS = YES;
				ASSETCATALOG_COMPILER_GLOBAL_ACCENT_COLOR_NAME = AccentColor;
				ASSETCATALOG_COMPILER_INCLUDE_ALL_APPICON_ASSETS = YES;
				CLANG_CXX_LANGUAGE_STANDARD = "gnu++20";
				CLANG_WARN_DOCUMENTATION_COMMENTS = YES;
				CODE_SIGN_IDENTITY = "Apple Development";
				CODE_SIGN_STYLE = Automatic;
				COPY_PHASE_STRIP = NO;
				CURRENT_PROJECT_VERSION = 1;
				DEVELOPMENT_TEAM = 699G2QY959;
				ENABLE_PREVIEWS = YES;
				ENABLE_USER_SCRIPT_SANDBOXING = YES;
				GCC_C_LANGUAGE_STANDARD = gnu17;
				GENERATE_INFOPLIST_FILE = NO;
				INFOPLIST_FILE = "stashyTV-Info.plist";
				INFOPLIST_KEY_LSApplicationCategoryType = "public.app-category.entertainment";
				LD_RUNPATH_SEARCH_PATHS = (
					"$(inherited)",
					"@executable_path/Frameworks",
				);
				LOCALIZATION_PREFERS_STRING_CATALOGS = YES;
				MARKETING_VERSION = 1.5.1;
				PRODUCT_BUNDLE_IDENTIFIER = de.letzgo.stashy;
				PRODUCT_NAME = "$(TARGET_NAME)";
				PROVISIONING_PROFILE_SPECIFIER = "";
				SDKROOT = appletvos;
				STRING_CATALOG_GENERATE_SYMBOLS = YES;
				SWIFT_APPROACHABLE_CONCURRENCY = YES;
				SWIFT_DEFAULT_ACTOR_ISOLATION = MainActor;
				SWIFT_EMIT_LOC_STRINGS = YES;
				SWIFT_UPCOMING_FEATURE_MEMBER_IMPORT_VISIBILITY = YES;
				SWIFT_VERSION = 5.0;
				TARGETED_DEVICE_FAMILY = 3;
				TVOS_DEPLOYMENT_TARGET = 26.2;
			};
			name = Release;
		};
/* End XCBuildConfiguration section */

/* Begin XCConfigurationList section */
		1DEB928508733DD80010E9CD /* Build configuration list for PBXProject "stashy" */ = {
			isa = XCConfigurationList;
			buildConfigurations = (
				1DEB928608733DD80010E9CD /* Debug */,
				1DEB928708733DD80010E9CD /* Release */,
			);
			defaultConfigurationIsVisible = 0;
			defaultConfigurationName = Release;
		};
		1DEB928908733DD80010E9CD /* Build configuration list for PBXNativeTarget "stashy" */ = {
			isa = XCConfigurationList;
			buildConfigurations = (
				1DEB928A08733DD80010E9CD /* Debug */,
				1DEB928B08733DD80010E9CD /* Release */,
			);
			defaultConfigurationIsVisible = 0;
			defaultConfigurationName = Release;
		};
		37D3E2582F3932C500AB8FAD /* Build configuration list for PBXNativeTarget "stashyTV" */ = {
			isa = XCConfigurationList;
			buildConfigurations = (
				37D3E2562F3932C500AB8FAD /* Debug */,
				37D3E2572F3932C500AB8FAD /* Release */,
			);
			defaultConfigurationIsVisible = 0;
			defaultConfigurationName = Release;
		};
/* End XCConfigurationList section */
	};
	rootObject = 08FB779FFE84155DC02AAC07 /* Project object */;
}
